# THIS IS AN AUTOGENERATED FILE. DO NOT EDIT THIS FILE DIRECTLY.
# yarn lockfile v1


"@cspotcode/source-map-consumer@0.8.0":
  version "0.8.0"
  resolved "https://registry.yarnpkg.com/@cspotcode/source-map-consumer/-/source-map-consumer-0.8.0.tgz#33bf4b7b39c178821606f669bbc447a6a629786b"
  integrity sha512-41qniHzTU8yAGbCp04ohlmSrZf8bkf/iJsl3V0dRGsQN/5GFfx+LbCSsCpp2gqrqjTVg/K6O8ycoV35JIwAzAg==

"@cspotcode/source-map-support@0.7.0":
  version "0.7.0"
  resolved "https://registry.yarnpkg.com/@cspotcode/source-map-support/-/source-map-support-0.7.0.tgz#4789840aa859e46d2f3173727ab707c66bf344f5"
  integrity sha512-X4xqRHqN8ACt2aHVe51OxeA2HjbcL4MqFqXkrmQszJ1NOUuUu5u6Vqx/0lZSVNku7velL5FC/s5uEAj1lsBMhA==
  dependencies:
    "@cspotcode/source-map-consumer" "0.8.0"

"@tsconfig/node10@^1.0.7":
  version "1.0.8"
  resolved "https://registry.yarnpkg.com/@tsconfig/node10/-/node10-1.0.8.tgz#c1e4e80d6f964fbecb3359c43bd48b40f7cadad9"
  integrity sha512-6XFfSQmMgq0CFLY1MslA/CPUfhIL919M1rMsa5lP2P097N2Wd1sSX0tx1u4olM16fLNhtHZpRhedZJphNJqmZg==

"@tsconfig/node12@^1.0.7":
  version "1.0.9"
  resolved "https://registry.yarnpkg.com/@tsconfig/node12/-/node12-1.0.9.tgz#62c1f6dee2ebd9aead80dc3afa56810e58e1a04c"
  integrity sha512-/yBMcem+fbvhSREH+s14YJi18sp7J9jpuhYByADT2rypfajMZZN4WQ6zBGgBKp53NKmqI36wFYDb3yaMPurITw==

"@tsconfig/node14@^1.0.0":
  version "1.0.1"
  resolved "https://registry.yarnpkg.com/@tsconfig/node14/-/node14-1.0.1.tgz#95f2d167ffb9b8d2068b0b235302fafd4df711f2"
  integrity sha512-509r2+yARFfHHE7T6Puu2jjkoycftovhXRqW328PDXTVGKihlb1P8Z9mMZH04ebyajfRY7dedfGynlrFHJUQCg==

"@tsconfig/node16@^1.0.2":
  version "1.0.2"
  resolved "https://registry.yarnpkg.com/@tsconfig/node16/-/node16-1.0.2.tgz#423c77877d0569db20e1fc80885ac4118314010e"
  integrity sha512-eZxlbI8GZscaGS7kkc/trHTT5xgrjH3/1n2JDwusC9iahPKWMRvRjJSAN5mCXviuTGQ/lHnhvv8Q1YTpnfz9gA==

"@types/node@^17.0.13":
  version "17.0.13"
  resolved "https://registry.yarnpkg.com/@types/node/-/node-17.0.13.tgz#5ed7ed7c662948335fcad6c412bb42d99ea754e3"
  integrity sha512-Y86MAxASe25hNzlDbsviXl8jQHb0RDvKt4c40ZJQ1Don0AAL0STLZSs4N+6gLEO55pedy7r2cLwS+ZDxPm/2Bw==

acorn-walk@^8.1.1:
  version "8.2.0"
  resolved "https://registry.yarnpkg.com/acorn-walk/-/acorn-walk-8.2.0.tgz#741210f2e2426454508853a2f44d0ab83b7f69c1"
  integrity sha512-k+iyHEuPgSw6SbuDpGQM+06HQUa04DZ3o+F6CSzXMvvI5KMvnaEqXe+YVe555R9nn6GPt404fos4wcgpw12SDA==

acorn@^8.4.1:
  version "8.7.0"
  resolved "https://registry.yarnpkg.com/acorn/-/acorn-8.7.0.tgz#90951fde0f8f09df93549481e5fc141445b791cf"
  integrity sha512-V/LGr1APy+PXIwKebEWrkZPwoeoF+w1jiOBUmuxuiUIaOHtob8Qc9BTrYo7VuI5fR8tqsy+buA2WFooR5olqvQ==

arg@^4.1.0:
  version "4.1.3"
  resolved "https://registry.yarnpkg.com/arg/-/arg-4.1.3.tgz#269fc7ad5b8e42cb63c896d5666017261c144089"
  integrity sha512-58S9QDqG0Xx27YwPSt9fJxivjYl432YCwfDMfZ+71RAqUrZef7LrKQZ3LHLOwCS4FLNBplP533Zx895SeOCHvA==

create-require@^1.1.0:
  version "1.1.1"
  resolved "https://registry.yarnpkg.com/create-require/-/create-require-1.1.1.tgz#c1d7e8f1e5f6cfc9ff65f9cd352d37348756c333"
  integrity sha512-dcKFX3jn0MpIaXjisoRvexIJVEKzaq7z2rZKxf+MSr9TkdmHmsU4m2lcLojrj/FHl8mk5VxMmYA+ftRkP/3oKQ==

diff@^4.0.1:
  version "4.0.2"
  resolved "https://registry.yarnpkg.com/diff/-/diff-4.0.2.tgz#60f3aecb89d5fae520c11aa19efc2bb982aade7d"
  integrity sha512-58lmxKSA4BNyLz+HHMUzlOEpg09FV+ev6ZMe3vJihgdxzgcwZ8VoEEPmALCZG9LmqfVoNMMKpttIYTVG6uDY7A==

esbuild-android-arm64@0.14.14:
  version "0.14.14"
  resolved "https://registry.yarnpkg.com/esbuild-android-arm64/-/esbuild-android-arm64-0.14.14.tgz#3705f32f209deeb11c275af47c298c8783dd5f0c"
  integrity sha512-be/Uw6DdpQiPfula1J4bdmA+wtZ6T3BRCZsDMFB5X+k0Gp8TIh9UvmAcqvKNnbRAafSaXG3jPCeXxDKqnc8hFQ==

esbuild-darwin-64@0.14.14:
  version "0.14.14"
  resolved "https://registry.yarnpkg.com/esbuild-darwin-64/-/esbuild-darwin-64-0.14.14.tgz#c07e4eae6d938300a2d330ea82494c55bcea84e5"
  integrity sha512-BEexYmjWafcISK8cT6O98E3TfcLuZL8DKuubry6G54n2+bD4GkoRD6HYUOnCkfl2p7jodA+s4369IjSFSWjtHg==

esbuild-darwin-arm64@0.14.14:
  version "0.14.14"
  resolved "https://registry.yarnpkg.com/esbuild-darwin-arm64/-/esbuild-darwin-arm64-0.14.14.tgz#a8631e13a51a6f784fb0906e2a64c6ab53988755"
  integrity sha512-tnBKm41pDOB1GtZ8q/w26gZlLLRzVmP8fdsduYjvM+yFD7E2DLG4KbPAqFMWm4Md9B+DitBglP57FY7AznxbTg==

esbuild-freebsd-64@0.14.14:
  version "0.14.14"
  resolved "https://registry.yarnpkg.com/esbuild-freebsd-64/-/esbuild-freebsd-64-0.14.14.tgz#c280c2b944746b27ee6c6487c2691865c90bed2e"
  integrity sha512-Q9Rx6sgArOHalQtNwAaIzJ6dnQ8A+I7f/RsQsdkS3JrdzmnlFo8JEVofTmwVQLoIop7OKUqIVOGP4PoQcwfVMA==

esbuild-freebsd-arm64@0.14.14:
  version "0.14.14"
  resolved "https://registry.yarnpkg.com/esbuild-freebsd-arm64/-/esbuild-freebsd-arm64-0.14.14.tgz#aa4e21276efcf20e5ab2487e91ca1d789573189b"
  integrity sha512-TJvq0OpLM7BkTczlyPIphcvnwrQwQDG1HqxzoYePWn26SMUAlt6wrLnEvxdbXAvNvDLVzG83kA+JimjK7aRNBA==

esbuild-linux-32@0.14.14:
  version "0.14.14"
  resolved "https://registry.yarnpkg.com/esbuild-linux-32/-/esbuild-linux-32-0.14.14.tgz#3db4d929239203ce38a9060d5419ac6a6d28846c"
  integrity sha512-h/CrK9Baimt5VRbu8gqibWV7e1P9l+mkanQgyOgv0Ng3jHT1NVFC9e6rb1zbDdaJVmuhWX5xVliUA5bDDCcJeg==

esbuild-linux-64@0.14.14:
  version "0.14.14"
  resolved "https://registry.yarnpkg.com/esbuild-linux-64/-/esbuild-linux-64-0.14.14.tgz#f880026254c1f565a7a10fdebb7cff9b083a127d"
  integrity sha512-IC+wAiIg/egp5OhQp4W44D9PcBOH1b621iRn1OXmlLzij9a/6BGr9NMIL4CRwz4j2kp3WNZu5sT473tYdynOuQ==

esbuild-linux-arm64@0.14.14:
  version "0.14.14"
  resolved "https://registry.yarnpkg.com/esbuild-linux-arm64/-/esbuild-linux-arm64-0.14.14.tgz#a34bc3076e50b109c3b8c8bad9c146e35942322b"
  integrity sha512-6QVul3RI4M5/VxVIRF/I5F+7BaxzR3DfNGoqEVSCZqUbgzHExPn+LXr5ly1C7af2Kw4AHpo+wDqx8A4ziP9avw==

esbuild-linux-arm@0.14.14:
  version "0.14.14"
  resolved "https://registry.yarnpkg.com/esbuild-linux-arm/-/esbuild-linux-arm-0.14.14.tgz#231ffd12fef69ee06365d4c94b69850e4830e927"
  integrity sha512-gxpOaHOPwp7zSmcKYsHrtxabScMqaTzfSQioAMUaB047YiMuDBzqVcKBG8OuESrYkGrL9DDljXr/mQNg7pbdaQ==

esbuild-linux-mips64le@0.14.14:
  version "0.14.14"
  resolved "https://registry.yarnpkg.com/esbuild-linux-mips64le/-/esbuild-linux-mips64le-0.14.14.tgz#bd00570e3a30422224b732c7a5f262146c357403"
  integrity sha512-4Jl5/+xoINKbA4cesH3f4R+q0vltAztZ6Jm8YycS8lNhN1pgZJBDxWfI6HUMIAdkKlIpR1PIkA9aXQgZ8sxFAg==

esbuild-linux-ppc64le@0.14.14:
  version "0.14.14"
  resolved "https://registry.yarnpkg.com/esbuild-linux-ppc64le/-/esbuild-linux-ppc64le-0.14.14.tgz#430609413fd9e04d9def4e3f06726b031b23d825"
  integrity sha512-BitW37GxeebKxqYNl4SVuSdnIJAzH830Lr6Mkq3pBHXtzQay0vK+IeOR/Ele1GtNVJ+/f8wYM53tcThkv5SC5w==

esbuild-linux-s390x@0.14.14:
  version "0.14.14"
  resolved "https://registry.yarnpkg.com/esbuild-linux-s390x/-/esbuild-linux-s390x-0.14.14.tgz#2f0d8cbfe53cf3cb97f6372549a41a8051dbd689"
  integrity sha512-vLj6p76HOZG3wfuTr5MyO3qW5iu8YdhUNxuY+tx846rPo7GcKtYSPMusQjeVEfZlJpSYoR+yrNBBxq+qVF9zrw==

esbuild-netbsd-64@0.14.14:
  version "0.14.14"
  resolved "https://registry.yarnpkg.com/esbuild-netbsd-64/-/esbuild-netbsd-64-0.14.14.tgz#3e44de35e1add7e9582f3c0d2558d86aafbc813b"
  integrity sha512-fn8looXPQhpVqUyCBWUuPjesH+yGIyfbIQrLKG05rr1Kgm3rZD/gaYrd3Wpmf5syVZx70pKZPvdHp8OTA+y7cQ==

esbuild-openbsd-64@0.14.14:
  version "0.14.14"
  resolved "https://registry.yarnpkg.com/esbuild-openbsd-64/-/esbuild-openbsd-64-0.14.14.tgz#04710ef1d01cd9f15d54f50d20b5a3778f8306a2"
  integrity sha512-HdAnJ399pPff3SKbd8g+P4o5znseni5u5n5rJ6Z7ouqOdgbOwHe2ofZbMow17WMdNtz1IyOZk2Wo9Ve6/lZ4Rg==

esbuild-sunos-64@0.14.14:
  version "0.14.14"
  resolved "https://registry.yarnpkg.com/esbuild-sunos-64/-/esbuild-sunos-64-0.14.14.tgz#8e583dd92c5c7ac4303ddc37f588e44211e04e19"
  integrity sha512-bmDHa99ulsGnYlh/xjBEfxoGuC8CEG5OWvlgD+pF7bKKiVTbtxqVCvOGEZeoDXB+ja6AvHIbPxrEE32J+m5nqQ==

esbuild-windows-32@0.14.14:
  version "0.14.14"
  resolved "https://registry.yarnpkg.com/esbuild-windows-32/-/esbuild-windows-32-0.14.14.tgz#6d293ddfb71229f21cc13d85d5d2f43e8131693b"
  integrity sha512-6tVooQcxJCNenPp5GHZBs/RLu31q4B+BuF4MEoRxswT+Eq2JGF0ZWDRQwNKB8QVIo3t6Svc5wNGez+CwKNQjBg==

esbuild-windows-64@0.14.14:
  version "0.14.14"
  resolved "https://registry.yarnpkg.com/esbuild-windows-64/-/esbuild-windows-64-0.14.14.tgz#08a36844b69542f8ec1cb33a5ddcea02b9d0b2e8"
  integrity sha512-kl3BdPXh0/RD/dad41dtzj2itMUR4C6nQbXQCyYHHo4zoUoeIXhpCrSl7BAW1nv5EFL8stT1V+TQVXGZca5A2A==

esbuild-windows-arm64@0.14.14:
  version "0.14.14"
  resolved "https://registry.yarnpkg.com/esbuild-windows-arm64/-/esbuild-windows-arm64-0.14.14.tgz#ca747ce4066d5b8a79dbe48fe6ecd92d202e5366"
  integrity sha512-dCm1wTOm6HIisLanmybvRKvaXZZo4yEVrHh1dY0v582GThXJOzuXGja1HIQgV09RpSHYRL3m4KoUBL00l6SWEg==

esbuild@^0.14.14:
  version "0.14.14"
  resolved "https://registry.yarnpkg.com/esbuild/-/esbuild-0.14.14.tgz#3b99f20d628013c3e2ae90e67687e03f1d6eb071"
  integrity sha512-aiK4ddv+uui0k52OqSHu4xxu+SzOim7Rlz4i25pMEiC8rlnGU0HJ9r+ZMfdWL5bzifg+nhnn7x4NSWTeehYblg==
  optionalDependencies:
    esbuild-android-arm64 "0.14.14"
    esbuild-darwin-64 "0.14.14"
    esbuild-darwin-arm64 "0.14.14"
    esbuild-freebsd-64 "0.14.14"
    esbuild-freebsd-arm64 "0.14.14"
    esbuild-linux-32 "0.14.14"
    esbuild-linux-64 "0.14.14"
    esbuild-linux-arm "0.14.14"
    esbuild-linux-arm64 "0.14.14"
    esbuild-linux-mips64le "0.14.14"
    esbuild-linux-ppc64le "0.14.14"
    esbuild-linux-s390x "0.14.14"
    esbuild-netbsd-64 "0.14.14"
    esbuild-openbsd-64 "0.14.14"
    esbuild-sunos-64 "0.14.14"
    esbuild-windows-32 "0.14.14"
    esbuild-windows-64 "0.14.14"
    esbuild-windows-arm64 "0.14.14"

make-error@^1.1.1:
  version "1.3.6"
  resolved "https://registry.yarnpkg.com/make-error/-/make-error-1.3.6.tgz#2eb2e37ea9b67c4891f684a1394799af484cf7a2"
  integrity sha512-s8UhlNe7vPKomQhC1qFelMokr/Sc3AgNbso3n74mVPA5LTZwkB9NlXf4XPamLxJE8h0gh73rM94xvwRT2CVInw==

ts-node@^10.4.0:
  version "10.4.0"
  resolved "https://registry.yarnpkg.com/ts-node/-/ts-node-10.4.0.tgz#680f88945885f4e6cf450e7f0d6223dd404895f7"
  integrity sha512-g0FlPvvCXSIO1JDF6S232P5jPYqBkRL9qly81ZgAOSU7rwI0stphCgd2kLiCrU9DjQCrJMWEqcNSjQL02s6d8A==
  dependencies:
    "@cspotcode/source-map-support" "0.7.0"
    "@tsconfig/node10" "^1.0.7"
    "@tsconfig/node12" "^1.0.7"
    "@tsconfig/node14" "^1.0.0"
    "@tsconfig/node16" "^1.0.2"
    acorn "^8.4.1"
    acorn-walk "^8.1.1"
    arg "^4.1.0"
    create-require "^1.1.0"
    diff "^4.0.1"
    make-error "^1.1.1"
    yn "3.1.1"

typescript@^4.5.5:
  version "4.5.5"
  resolved "https://registry.yarnpkg.com/typescript/-/typescript-4.5.5.tgz#d8c953832d28924a9e3d37c73d729c846c5896f3"
  integrity sha512-TCTIul70LyWe6IJWT8QSYeA54WQe8EjQFU4wY52Fasj5UKx88LNYKCgBEHcOMOrFF1rKGbD8v/xcNWVUq9SymA==

yn@3.1.1:
  version "3.1.1"
  resolved "https://registry.yarnpkg.com/yn/-/yn-3.1.1.tgz#1e87401a09d767c1d5eab26a6e4c185182d2eb50"
  integrity sha512-Ux4ygGWsu2c7isFWe8Yu1YluJmqVhxqK2cLXNQA5AcC3QfbGNpM7fu0Y8b/z16pXLnFxZYvWhd3fhBY9DLmC6Q==
